{
  "meteor": {
    "git": "https://github.com/meteor/meteor.git",
    "branch": "devel",
    "commit": "0da938955c88517801d8926384ef6fdd2cc57fa7"
  },
  "dependencies": {
    "basePackages": {
      "moment": {},
      "router": {},
      "marked": {},
      "accounts-dnspod": {},
      "tracker": {}
    },
    "packages": {
      "moment": {
        "git": "https://github.com/possibilities/meteor-moment.git",
        "tag": "v1.7.0",
        "commit": "c64b6ec0e714b9556f4b6643d430b868ba69d3d7"
      },
      "router": {
        "git": "https://github.com/tmeasday/meteor-router.git",
        "tag": "v0.4.2",
        "commit": "82d2895847502b4025370523dba60d597cff4772"
      },
      "marked": {
        "git": "https://github.com/chuangbo/meteor-marked.git",
        "tag": "v0.2.5",
        "commit": "e435075a3fd4bc9103cb713e8c400b54d4d704fe"
      },
      "accounts-dnspod": {
        "git": "https://github.com/zewenzhang/meteor-accounts-dnspod.git",
        "tag": "v0.2.1",
        "commit": "5bead22484cf94690063bd936c48be62eff2e949"
      },
      "tracker": {
        "git": "https://github.com/svda/meteor-tracker.git",
        "tag": "v0.1.0",
        "commit": "e436fe8a097bf2090ab742306c9cc31a826e41b6"
      },
      "page-js-ie-support": {
        "git": "https://github.com/tmeasday/meteor-page-js-ie-support.git",
        "tag": "v1.3.5",
        "commit": "b99ed8380aefd10b2afc8f18d9eed4dd0d8ea9cb"
      }
    }
  }
}
